// !$*UTF8*$!
{
	archiveVersion = 1;
	classes = {
	};
	objectVersion = 46;
	objects = {

/* Begin PBXBuildFile section */
		240035771BD9D19900694B0C /* main.m in Sources */ = {isa = PBXBuildFile; fileRef = 240035761BD9D19900694B0C /* main.m */; };
		2400357A1BD9D19900694B0C /* AppDelegate.m in Sources */ = {isa = PBXBuildFile; fileRef = 240035791BD9D19900694B0C /* AppDelegate.m */; };
		2400357D1BD9D19900694B0C /* ViewController.m in Sources */ = {isa = PBXBuildFile; fileRef = 2400357C1BD9D19900694B0C /* ViewController.m */; };
		240035801BD9D19900694B0C /* Main.storyboard in Resources */ = {isa = PBXBuildFile; fileRef = 2400357E1BD9D19900694B0C /* Main.storyboard */; };
		240035821BD9D19900694B0C /* Images.xcassets in Resources */ = {isa = PBXBuildFile; fileRef = 240035811BD9D19900694B0C /* Images.xcassets */; };
		240035851BD9D19900694B0C /* LaunchScreen.xib in Resources */ = {isa = PBXBuildFile; fileRef = 240035831BD9D19900694B0C /* LaunchScreen.xib */; };
		240035911BD9D19900694B0C /* ResponseTests.m in Sources */ = {isa = PBXBuildFile; fileRef = 240035901BD9D19900694B0C /* ResponseTests.m */; };
		2400359D1BD9D31C00694B0C /* SelectViewController.m in Sources */ = {isa = PBXBuildFile; fileRef = 2400359B1BD9D31C00694B0C /* SelectViewController.m */; };
		2400359E1BD9D31C00694B0C /* SelectViewController.xib in Resources */ = {isa = PBXBuildFile; fileRef = 2400359C1BD9D31C00694B0C /* SelectViewController.xib */; };
		240035A71BD9D66B00694B0C /* ClothesTableViewController.m in Sources */ = {isa = PBXBuildFile; fileRef = 240035A51BD9D66B00694B0C /* ClothesTableViewController.m */; };
		240035A81BD9D66B00694B0C /* ClothesTableViewController.xib in Resources */ = {isa = PBXBuildFile; fileRef = 240035A61BD9D66B00694B0C /* ClothesTableViewController.xib */; };
		240035AC1BD9EEBF00694B0C /* ClothesImgTableViewController.m in Sources */ = {isa = PBXBuildFile; fileRef = 240035AA1BD9EEBF00694B0C /* ClothesImgTableViewController.m */; };
		240035AD1BD9EEBF00694B0C /* ClothesImgTableViewController.xib in Resources */ = {isa = PBXBuildFile; fileRef = 240035AB1BD9EEBF00694B0C /* ClothesImgTableViewController.xib */; };
		240035B51BD9EFF000694B0C /* ClothesTableViewCell.m in Sources */ = {isa = PBXBuildFile; fileRef = 240035B31BD9EFF000694B0C /* ClothesTableViewCell.m */; };
		240035B61BD9EFF000694B0C /* ClothesTableViewCell.xib in Resources */ = {isa = PBXBuildFile; fileRef = 240035B41BD9EFF000694B0C /* ClothesTableViewCell.xib */; };
		240035BA1BD9F02000694B0C /* ClothesImgTableViewCell.m in Sources */ = {isa = PBXBuildFile; fileRef = 240035B81BD9F02000694B0C /* ClothesImgTableViewCell.m */; };
		240035BB1BD9F02000694B0C /* ClothesImgTableViewCell.xib in Resources */ = {isa = PBXBuildFile; fileRef = 240035B91BD9F02000694B0C /* ClothesImgTableViewCell.xib */; };
		F16A9C28717CE918435E55BE /* libPods.a in Frameworks */ = {isa = PBXBuildFile; fileRef = CD2FBFC15F7DD276D89AD43A /* libPods.a */; };
/* End PBXBuildFile section */

/* Begin PBXContainerItemProxy section */
		2400358B1BD9D19900694B0C /* PBXContainerItemProxy */ = {
			isa = PBXContainerItemProxy;
			containerPortal = 240035691BD9D19900694B0C /* Project object */;
			proxyType = 1;
			remoteGlobalIDString = 240035701BD9D19900694B0C;
			remoteInfo = Response;
		};
/* End PBXContainerItemProxy section */

/* Begin PBXFileReference section */
		240035711BD9D19900694B0C /* Response.app */ = {isa = PBXFileReference; explicitFileType = wrapper.application; includeInIndex = 0; path = Response.app; sourceTree = BUILT_PRODUCTS_DIR; };
		240035751BD9D19900694B0C /* Info.plist */ = {isa = PBXFileReference; lastKnownFileType = text.plist.xml; path = Info.plist; sourceTree = "<group>"; };
		240035761BD9D19900694B0C /* main.m */ = {isa = PBXFileReference; lastKnownFileType = sourcecode.c.objc; path = main.m; sourceTree = "<group>"; };
		240035781BD9D19900694B0C /* AppDelegate.h */ = {isa = PBXFileReference; lastKnownFileType = sourcecode.c.h; path = AppDelegate.h; sourceTree = "<group>"; };
		240035791BD9D19900694B0C /* AppDelegate.m */ = {isa = PBXFileReference; lastKnownFileType = sourcecode.c.objc; path = AppDelegate.m; sourceTree = "<group>"; };
		2400357B1BD9D19900694B0C /* ViewController.h */ = {isa = PBXFileReference; lastKnownFileType = sourcecode.c.h; path = ViewController.h; sourceTree = "<group>"; };
		2400357C1BD9D19900694B0C /* ViewController.m */ = {isa = PBXFileReference; lastKnownFileType = sourcecode.c.objc; path = ViewController.m; sourceTree = "<group>"; };
		2400357F1BD9D19900694B0C /* Base */ = {isa = PBXFileReference; lastKnownFileType = file.storyboard; name = Base; path = Base.lproj/Main.storyboard; sourceTree = "<group>"; };
		240035811BD9D19900694B0C /* Images.xcassets */ = {isa = PBXFileReference; lastKnownFileType = folder.assetcatalog; path = Images.xcassets; sourceTree = "<group>"; };
		240035841BD9D19900694B0C /* Base */ = {isa = PBXFileReference; lastKnownFileType = file.xib; name = Base; path = Base.lproj/LaunchScreen.xib; sourceTree = "<group>"; };
		2400358A1BD9D19900694B0C /* ResponseTests.xctest */ = {isa = PBXFileReference; explicitFileType = wrapper.cfbundle; includeInIndex = 0; path = ResponseTests.xctest; sourceTree = BUILT_PRODUCTS_DIR; };
		2400358F1BD9D19900694B0C /* Info.plist */ = {isa = PBXFileReference; lastKnownFileType = text.plist.xml; path = Info.plist; sourceTree = "<group>"; };
		240035901BD9D19900694B0C /* ResponseTests.m */ = {isa = PBXFileReference; lastKnownFileType = sourcecode.c.objc; path = ResponseTests.m; sourceTree = "<group>"; };
		2400359A1BD9D31C00694B0C /* SelectViewController.h */ = {isa = PBXFileReference; fileEncoding = 4; lastKnownFileType = sourcecode.c.h; path = SelectViewController.h; sourceTree = "<group>"; };
		2400359B1BD9D31C00694B0C /* SelectViewController.m */ = {isa = PBXFileReference; fileEncoding = 4; lastKnownFileType = sourcecode.c.objc; path = SelectViewController.m; sourceTree = "<group>"; };
		2400359C1BD9D31C00694B0C /* SelectViewController.xib */ = {isa = PBXFileReference; fileEncoding = 4; lastKnownFileType = file.xib; path = SelectViewController.xib; sourceTree = "<group>"; };
		240035A41BD9D66B00694B0C /* ClothesTableViewController.h */ = {isa = PBXFileReference; fileEncoding = 4; lastKnownFileType = sourcecode.c.h; path = ClothesTableViewController.h; sourceTree = "<group>"; };
		240035A51BD9D66B00694B0C /* ClothesTableViewController.m */ = {isa = PBXFileReference; fileEncoding = 4; lastKnownFileType = sourcecode.c.objc; path = ClothesTableViewController.m; sourceTree = "<group>"; };
		240035A61BD9D66B00694B0C /* ClothesTableViewController.xib */ = {isa = PBXFileReference; fileEncoding = 4; lastKnownFileType = file.xib; path = ClothesTableViewController.xib; sourceTree = "<group>"; };
		240035A91BD9EEBF00694B0C /* ClothesImgTableViewController.h */ = {isa = PBXFileReference; fileEncoding = 4; lastKnownFileType = sourcecode.c.h; path = ClothesImgTableViewController.h; sourceTree = "<group>"; };
		240035AA1BD9EEBF00694B0C /* ClothesImgTableViewController.m */ = {isa = PBXFileReference; fileEncoding = 4; lastKnownFileType = sourcecode.c.objc; path = ClothesImgTableViewController.m; sourceTree = "<group>"; };
		240035AB1BD9EEBF00694B0C /* ClothesImgTableViewController.xib */ = {isa = PBXFileReference; fileEncoding = 4; lastKnownFileType = file.xib; path = ClothesImgTableViewController.xib; sourceTree = "<group>"; };
		240035B21BD9EFF000694B0C /* ClothesTableViewCell.h */ = {isa = PBXFileReference; fileEncoding = 4; lastKnownFileType = sourcecode.c.h; path = ClothesTableViewCell.h; sourceTree = "<group>"; };
		240035B31BD9EFF000694B0C /* ClothesTableViewCell.m */ = {isa = PBXFileReference; fileEncoding = 4; lastKnownFileType = sourcecode.c.objc; path = ClothesTableViewCell.m; sourceTree = "<group>"; };
		240035B41BD9EFF000694B0C /* ClothesTableViewCell.xib */ = {isa = PBXFileReference; fileEncoding = 4; lastKnownFileType = file.xib; path = ClothesTableViewCell.xib; sourceTree = "<group>"; };
		240035B71BD9F02000694B0C /* ClothesImgTableViewCell.h */ = {isa = PBXFileReference; fileEncoding = 4; lastKnownFileType = sourcecode.c.h; path = ClothesImgTableViewCell.h; sourceTree = "<group>"; };
		240035B81BD9F02000694B0C /* ClothesImgTableViewCell.m */ = {isa = PBXFileReference; fileEncoding = 4; lastKnownFileType = sourcecode.c.objc; path = ClothesImgTableViewCell.m; sourceTree = "<group>"; };
		240035B91BD9F02000694B0C /* ClothesImgTableViewCell.xib */ = {isa = PBXFileReference; fileEncoding = 4; lastKnownFileType = file.xib; path = ClothesImgTableViewCell.xib; sourceTree = "<group>"; };
		375CC3223E52DD93385F0201 /* Pods.debug.xcconfig */ = {isa = PBXFileReference; includeInIndex = 1; lastKnownFileType = text.xcconfig; name = Pods.debug.xcconfig; path = "Pods/Target Support Files/Pods/Pods.debug.xcconfig"; sourceTree = "<group>"; };
		A6569B386CC56577AE8FD12F /* Pods.release.xcconfig */ = {isa = PBXFileReference; includeInIndex = 1; lastKnownFileType = text.xcconfig; name = Pods.release.xcconfig; path = "Pods/Target Support Files/Pods/Pods.release.xcconfig"; sourceTree = "<group>"; };
		CD2FBFC15F7DD276D89AD43A /* libPods.a */ = {isa = PBXFileReference; explicitFileType = archive.ar; includeInIndex = 0; path = libPods.a; sourceTree = BUILT_PRODUCTS_DIR; };
/* End PBXFileReference section */

/* Begin PBXFrameworksBuildPhase section */
		2400356E1BD9D19900694B0C /* Frameworks */ = {
			isa = PBXFrameworksBuildPhase;
			buildActionMask = 2147483647;
			files = (
				F16A9C28717CE918435E55BE /* libPods.a in Frameworks */,
			);
			runOnlyForDeploymentPostprocessing = 0;
		};
		240035871BD9D19900694B0C /* Frameworks */ = {
			isa = PBXFrameworksBuildPhase;
			buildActionMask = 2147483647;
			files = (
			);
			runOnlyForDeploymentPostprocessing = 0;
		};
/* End PBXFrameworksBuildPhase section */

/* Begin PBXGroup section */
		0DC5FA88DC0594F2C39A4C06 /* Frameworks */ = {
			isa = PBXGroup;
			children = (
				CD2FBFC15F7DD276D89AD43A /* libPods.a */,
			);
			name = Frameworks;
			sourceTree = "<group>";
		};
		240035681BD9D19900694B0C = {
			isa = PBXGroup;
			children = (
				240035731BD9D19900694B0C /* Response */,
				2400358D1BD9D19900694B0C /* ResponseTests */,
				240035721BD9D19900694B0C /* Products */,
				39A3E630C8F70FAB041AE6D3 /* Pods */,
				0DC5FA88DC0594F2C39A4C06 /* Frameworks */,
			);
			sourceTree = "<group>";
		};
		240035721BD9D19900694B0C /* Products */ = {
			isa = PBXGroup;
			children = (
				240035711BD9D19900694B0C /* Response.app */,
				2400358A1BD9D19900694B0C /* ResponseTests.xctest */,
			);
			name = Products;
			sourceTree = "<group>";
		};
		240035731BD9D19900694B0C /* Response */ = {
			isa = PBXGroup;
			children = (
				240035781BD9D19900694B0C /* AppDelegate.h */,
				240035791BD9D19900694B0C /* AppDelegate.m */,
				240035AE1BD9EEE800694B0C /* ViewController */,
				2400357E1BD9D19900694B0C /* Main.storyboard */,
				240035811BD9D19900694B0C /* Images.xcassets */,
				240035831BD9D19900694B0C /* LaunchScreen.xib */,
				240035741BD9D19900694B0C /* Supporting Files */,
			);
			path = Response;
			sourceTree = "<group>";
		};
		240035741BD9D19900694B0C /* Supporting Files */ = {
			isa = PBXGroup;
			children = (
				240035751BD9D19900694B0C /* Info.plist */,
				240035761BD9D19900694B0C /* main.m */,
			);
			name = "Supporting Files";
			sourceTree = "<group>";
		};
		2400358D1BD9D19900694B0C /* ResponseTests */ = {
			isa = PBXGroup;
			children = (
				240035901BD9D19900694B0C /* ResponseTests.m */,
				2400358E1BD9D19900694B0C /* Supporting Files */,
			);
			path = ResponseTests;
			sourceTree = "<group>";
		};
		2400358E1BD9D19900694B0C /* Supporting Files */ = {
			isa = PBXGroup;
			children = (
				2400358F1BD9D19900694B0C /* Info.plist */,
			);
			name = "Supporting Files";
			sourceTree = "<group>";
		};
		240035AE1BD9EEE800694B0C /* ViewController */ = {
			isa = PBXGroup;
			children = (
				2400357B1BD9D19900694B0C /* ViewController.h */,
				2400357C1BD9D19900694B0C /* ViewController.m */,
				240035AF1BD9EF1000694B0C /* imageAdd */,
				240035B01BD9EF4200694B0C /* Clothes */,
			);
			name = ViewController;
			sourceTree = "<group>";
		};
		240035AF1BD9EF1000694B0C /* imageAdd */ = {
			isa = PBXGroup;
			children = (
				2400359A1BD9D31C00694B0C /* SelectViewController.h */,
				2400359B1BD9D31C00694B0C /* SelectViewController.m */,
				2400359C1BD9D31C00694B0C /* SelectViewController.xib */,
			);
			name = imageAdd;
			sourceTree = "<group>";
		};
		240035B01BD9EF4200694B0C /* Clothes */ = {
			isa = PBXGroup;
			children = (
				240035A41BD9D66B00694B0C /* ClothesTableViewController.h */,
				240035A51BD9D66B00694B0C /* ClothesTableViewController.m */,
				240035A61BD9D66B00694B0C /* ClothesTableViewController.xib */,
				240035A91BD9EEBF00694B0C /* ClothesImgTableViewController.h */,
				240035AA1BD9EEBF00694B0C /* ClothesImgTableViewController.m */,
				240035AB1BD9EEBF00694B0C /* ClothesImgTableViewController.xib */,
				240035B11BD9EFA900694B0C /* ViewControllerCell */,
			);
			name = Clothes;
			sourceTree = "<group>";
		};
		240035B11BD9EFA900694B0C /* ViewControllerCell */ = {
			isa = PBXGroup;
			children = (
				240035B21BD9EFF000694B0C /* ClothesTableViewCell.h */,
				240035B31BD9EFF000694B0C /* ClothesTableViewCell.m */,
				240035B41BD9EFF000694B0C /* ClothesTableViewCell.xib */,
				240035B71BD9F02000694B0C /* ClothesImgTableViewCell.h */,
				240035B81BD9F02000694B0C /* ClothesImgTableViewCell.m */,
				240035B91BD9F02000694B0C /* ClothesImgTableViewCell.xib */,
			);
			name = ViewControllerCell;
			sourceTree = "<group>";
		};
		39A3E630C8F70FAB041AE6D3 /* Pods */ = {
			isa = PBXGroup;
			children = (
				375CC3223E52DD93385F0201 /* Pods.debug.xcconfig */,
				A6569B386CC56577AE8FD12F /* Pods.release.xcconfig */,
			);
			name = Pods;
			sourceTree = "<group>";
		};
/* End PBXGroup section */

/* Begin PBXNativeTarget section */
		240035701BD9D19900694B0C /* Response */ = {
			isa = PBXNativeTarget;
			buildConfigurationList = 240035941BD9D19900694B0C /* Build configuration list for PBXNativeTarget "Response" */;
			buildPhases = (
				187A132B40A527E92034C2C7 /* Check Pods Manifest.lock */,
				2400356D1BD9D19900694B0C /* Sources */,
				2400356E1BD9D19900694B0C /* Frameworks */,
				2400356F1BD9D19900694B0C /* Resources */,
				D34C45179C113090E4A0047C /* Embed Pods Frameworks */,
				7DD89A2BD39517EDB308597B /* Copy Pods Resources */,
			);
			buildRules = (
			);
			dependencies = (
			);
			name = Response;
			productName = Response;
			productReference = 240035711BD9D19900694B0C /* Response.app */;
			productType = "com.apple.product-type.application";
		};
		240035891BD9D19900694B0C /* ResponseTests */ = {
			isa = PBXNativeTarget;
			buildConfigurationList = 240035971BD9D19900694B0C /* Build configuration list for PBXNativeTarget "ResponseTests" */;
			buildPhases = (
				240035861BD9D19900694B0C /* Sources */,
				240035871BD9D19900694B0C /* Frameworks */,
				240035881BD9D19900694B0C /* Resources */,
			);
			buildRules = (
			);
			dependencies = (
				2400358C1BD9D19900694B0C /* PBXTargetDependency */,
			);
			name = ResponseTests;
			productName = ResponseTests;
			productReference = 2400358A1BD9D19900694B0C /* ResponseTests.xctest */;
			productType = "com.apple.product-type.bundle.unit-test";
		};
/* End PBXNativeTarget section */

/* Begin PBXProject section */
		240035691BD9D19900694B0C /* Project object */ = {
			isa = PBXProject;
			attributes = {
				LastUpgradeCheck = 0640;
				ORGANIZATIONNAME = OhnumaRina;
				TargetAttributes = {
					240035701BD9D19900694B0C = {
						CreatedOnToolsVersion = 6.4;
						DevelopmentTeam = Y8T698BPF9;
					};
					240035891BD9D19900694B0C = {
						CreatedOnToolsVersion = 6.4;
						TestTargetID = 240035701BD9D19900694B0C;
					};
				};
			};
			buildConfigurationList = 2400356C1BD9D19900694B0C /* Build configuration list for PBXProject "Response" */;
			compatibilityVersion = "Xcode 3.2";
			developmentRegion = English;
			hasScannedForEncodings = 0;
			knownRegions = (
				en,
				Base,
			);
			mainGroup = 240035681BD9D19900694B0C;
			productRefGroup = 240035721BD9D19900694B0C /* Products */;
			projectDirPath = "";
			projectRoot = "";
			targets = (
				240035701BD9D19900694B0C /* Response */,
				240035891BD9D19900694B0C /* ResponseTests */,
			);
		};
/* End PBXProject section */

/* Begin PBXResourcesBuildPhase section */
		2400356F1BD9D19900694B0C /* Resources */ = {
			isa = PBXResourcesBuildPhase;
			buildActionMask = 2147483647;
			files = (
				2400359E1BD9D31C00694B0C /* SelectViewController.xib in Resources */,
				240035801BD9D19900694B0C /* Main.storyboard in Resources */,
				240035AD1BD9EEBF00694B0C /* ClothesImgTableViewController.xib in Resources */,
				240035851BD9D19900694B0C /* LaunchScreen.xib in Resources */,
				240035A81BD9D66B00694B0C /* ClothesTableViewController.xib in Resources */,
				240035B61BD9EFF000694B0C /* ClothesTableViewCell.xib in Resources */,
				240035BB1BD9F02000694B0C /* ClothesImgTableViewCell.xib in Resources */,
				240035821BD9D19900694B0C /* Images.xcassets in Resources */,
			);
			runOnlyForDeploymentPostprocessing = 0;
		};
		240035881BD9D19900694B0C /* Resources */ = {
			isa = PBXResourcesBuildPhase;
			buildActionMask = 2147483647;
			files = (
			);
			runOnlyForDeploymentPostprocessing = 0;
		};
/* End PBXResourcesBuildPhase section */

/* Begin PBXShellScriptBuildPhase section */
		187A132B40A527E92034C2C7 /* Check Pods Manifest.lock */ = {
			isa = PBXShellScriptBuildPhase;
			buildActionMask = 2147483647;
			files = (
			);
			inputPaths = (
			);
			name = "Check Pods Manifest.lock";
			outputPaths = (
			);
			runOnlyForDeploymentPostprocessing = 0;
			shellPath = /bin/sh;
			shellScript = "diff \"${PODS_ROOT}/../Podfile.lock\" \"${PODS_ROOT}/Manifest.lock\" > /dev/null\nif [[ $? != 0 ]] ; then\n    cat << EOM\nerror: The sandbox is not in sync with the Podfile.lock. Run 'pod install' or update your CocoaPods installation.\nEOM\n    exit 1\nfi\n";
			showEnvVarsInLog = 0;
		};
		7DD89A2BD39517EDB308597B /* Copy Pods Resources */ = {
			isa = PBXShellScriptBuildPhase;
			buildActionMask = 2147483647;
			files = (
			);
			inputPaths = (
			);
			name = "Copy Pods Resources";
			outputPaths = (
			);
			runOnlyForDeploymentPostprocessing = 0;
			shellPath = /bin/sh;
			shellScript = "\"${SRCROOT}/Pods/Target Support Files/Pods/Pods-resources.sh\"\n";
			showEnvVarsInLog = 0;
		};
		D34C45179C113090E4A0047C /* Embed Pods Frameworks */ = {
			isa = PBXShellScriptBuildPhase;
			buildActionMask = 2147483647;
			files = (
			);
			inputPaths = (
			);
			name = "Embed Pods Frameworks";
			outputPaths = (
			);
			runOnlyForDeploymentPostprocessing = 0;
			shellPath = /bin/sh;
			shellScript = "\"${SRCROOT}/Pods/Target Support Files/Pods/Pods-frameworks.sh\"\n";
			showEnvVarsInLog = 0;
		};
/* End PBXShellScriptBuildPhase section */

/* Begin PBXSourcesBuildPhase section */
		2400356D1BD9D19900694B0C /* Sources */ = {
			isa = PBXSourcesBuildPhase;
			buildActionMask = 2147483647;
			files = (
				240035A71BD9D66B00694B0C /* ClothesTableViewController.m in Sources */,
				2400359D1BD9D31C00694B0C /* SelectViewController.m in Sources */,
				2400357D1BD9D19900694B0C /* ViewController.m in Sources */,
				240035BA1BD9F02000694B0C /* ClothesImgTableViewCell.m in Sources */,
				240035AC1BD9EEBF00694B0C /* ClothesImgTableViewController.m in Sources */,
				2400357A1BD9D19900694B0C /* AppDelegate.m in Sources */,
				240035771BD9D19900694B0C /* main.m in Sources */,
				240035B51BD9EFF000694B0C /* ClothesTableViewCell.m in Sources */,
			);
			runOnlyForDeploymentPostprocessing = 0;
		};
		240035861BD9D19900694B0C /* Sources */ = {
			isa = PBXSourcesBuildPhase;
			buildActionMask = 2147483647;
			files = (
				240035911BD9D19900694B0C /* ResponseTests.m in Sources */,
			);
			runOnlyForDeploymentPostprocessing = 0;
		};
/* End PBXSourcesBuildPhase section */

/* Begin PBXTargetDependency section */
		2400358C1BD9D19900694B0C /* PBXTargetDependency */ = {
			isa = PBXTargetDependency;
			target = 240035701BD9D19900694B0C /* Response */;
			targetProxy = 2400358B1BD9D19900694B0C /* PBXContainerItemProxy */;
		};
/* End PBXTargetDependency section */

/* Begin PBXVariantGroup section */
		2400357E1BD9D19900694B0C /* Main.storyboard */ = {
			isa = PBXVariantGroup;
			children = (
				2400357F1BD9D19900694B0C /* Base */,
			);
			name = Main.storyboard;
			sourceTree = "<group>";
		};
		240035831BD9D19900694B0C /* LaunchScreen.xib */ = {
			isa = PBXVariantGroup;
			children = (
				240035841BD9D19900694B0C /* Base */,
			);
			name = LaunchScreen.xib;
			sourceTree = "<group>";
		};
/* End PBXVariantGroup section */

/* Begin XCBuildConfiguration section */
		240035921BD9D19900694B0C /* Debug */ = {
			isa = XCBuildConfiguration;
			buildSettings = {
				ALWAYS_SEARCH_USER_PATHS = NO;
				CLANG_CXX_LANGUAGE_STANDARD = "gnu++0x";
				CLANG_CXX_LIBRARY = "libc++";
				CLANG_ENABLE_MODULES = YES;
				CLANG_ENABLE_OBJC_ARC = YES;
				CLANG_WARN_BOOL_CONVERSION = YES;
				CLANG_WARN_CONSTANT_CONVERSION = YES;
				CLANG_WARN_DIRECT_OBJC_ISA_USAGE = YES_ERROR;
				CLANG_WARN_EMPTY_BODY = YES;
				CLANG_WARN_ENUM_CONVERSION = YES;
				CLANG_WARN_INT_CONVERSION = YES;
				CLANG_WARN_OBJC_ROOT_CLASS = YES_ERROR;
				CLANG_WARN_UNREACHABLE_CODE = YES;
				CLANG_WARN__DUPLICATE_METHOD_MATCH = YES;
				"CODE_SIGN_IDENTITY[sdk=iphoneos*]" = "iPhone Developer";
				COPY_PHASE_STRIP = NO;
				DEBUG_INFORMATION_FORMAT = "dwarf-with-dsym";
				ENABLE_STRICT_OBJC_MSGSEND = YES;
				GCC_C_LANGUAGE_STANDARD = gnu99;
				GCC_DYNAMIC_NO_PIC = NO;
				GCC_NO_COMMON_BLOCKS = YES;
				GCC_OPTIMIZATION_LEVEL = 0;
				GCC_PREPROCESSOR_DEFINITIONS = (
					"DEBUG=1",
					"$(inherited)",
				);
				GCC_SYMBOLS_PRIVATE_EXTERN = NO;
				GCC_WARN_64_TO_32_BIT_CONVERSION = YES;
				GCC_WARN_ABOUT_RETURN_TYPE = YES_ERROR;
				GCC_WARN_UNDECLARED_SELECTOR = YES;
				GCC_WARN_UNINITIALIZED_AUTOS = YES_AGGRESSIVE;
				GCC_WARN_UNUSED_FUNCTION = YES;
				GCC_WARN_UNUSED_VARIABLE = YES;
				IPHONEOS_DEPLOYMENT_TARGET = 8.4;
				MTL_ENABLE_DEBUG_INFO = YES;
				ONLY_ACTIVE_ARCH = YES;
				SDKROOT = iphoneos;
				TARGETED_DEVICE_FAMILY = "1,2";
			};
			name = Debug;
		};
		240035931BD9D19900694B0C /* Release */ = {
			isa = XCBuildConfiguration;
			buildSettings = {
				ALWAYS_SEARCH_USER_PATHS = NO;
				CLANG_CXX_LANGUAGE_STANDARD = "gnu++0x";
				CLANG_CXX_LIBRARY = "libc++";
				CLANG_ENABLE_MODULES = YES;
				CLANG_ENABLE_OBJC_ARC = YES;
				CLANG_WARN_BOOL_CONVERSION = YES;
				CLANG_WARN_CONSTANT_CONVERSION = YES;
				CLANG_WARN_DIRECT_OBJC_ISA_USAGE = YES_ERROR;
				CLANG_WARN_EMPTY_BODY = YES;
				CLANG_WARN_ENUM_CONVERSION = YES;
				CLANG_WARN_INT_CONVERSION = YES;
				CLANG_WARN_OBJC_ROOT_CLASS = YES_ERROR;
				CLANG_WARN_UNREACHABLE_CODE = YES;
				CLANG_WARN__DUPLICATE_METHOD_MATCH = YES;
				"CODE_SIGN_IDENTITY[sdk=iphoneos*]" = "iPhone Developer";
				COPY_PHASE_STRIP = NO;
				DEBUG_INFORMATION_FORMAT = "dwarf-with-dsym";
				ENABLE_NS_ASSERTIONS = NO;
				ENABLE_STRICT_OBJC_MSGSEND = YES;
				GCC_C_LANGUAGE_STANDARD = gnu99;
				GCC_NO_COMMON_BLOCKS = YES;
				GCC_WARN_64_TO_32_BIT_CONVERSION = YES;
				GCC_WARN_ABOUT_RETURN_TYPE = YES_ERROR;
				GCC_WARN_UNDECLARED_SELECTOR = YES;
				GCC_WARN_UNINITIALIZED_AUTOS = YES_AGGRESSIVE;
				GCC_WARN_UNUSED_FUNCTION = YES;
				GCC_WARN_UNUSED_VARIABLE = YES;
				IPHONEOS_DEPLOYMENT_TARGET = 8.4;
				MTL_ENABLE_DEBUG_INFO = NO;
				SDKROOT = iphoneos;
				TARGETED_DEVICE_FAMILY = "1,2";
				VALIDATE_PRODUCT = YES;
			};
			name = Release;
		};
		240035951BD9D19900694B0C /* Debug */ = {
			isa = XCBuildConfiguration;
			baseConfigurationReference = 375CC3223E52DD93385F0201 /* Pods.debug.xcconfig */;
			buildSettings = {
				ASSETCATALOG_COMPILER_APPICON_NAME = AppIcon;
				CODE_SIGN_IDENTITY = "iPhone Developer";
				INFOPLIST_FILE = Response/Info.plist;
				IPHONEOS_DEPLOYMENT_TARGET = 8.2;
				LD_RUNPATH_SEARCH_PATHS = "$(inherited) @executable_path/Frameworks";
				PRODUCT_NAME = "$(TARGET_NAME)";
			};
			name = Debug;
		};
		240035961BD9D19900694B0C /* Release */ = {
			isa = XCBuildConfiguration;
			baseConfigurationReference = A6569B386CC56577AE8FD12F /* Pods.release.xcconfig */;
			buildSettings = {
				ASSETCATALOG_COMPILER_APPICON_NAME = AppIcon;
				CODE_SIGN_IDENTITY = "iPhone Developer";
				INFOPLIST_FILE = Response/Info.plist;
				IPHONEOS_DEPLOYMENT_TARGET = 8.2;
				LD_RUNPATH_SEARCH_PATHS = "$(inherited) @executable_path/Frameworks";
				PRODUCT_NAME = "$(TARGET_NAME)";
			};
			name = Release;
		};
		240035981BD9D19900694B0C /* Debug */ = {
			isa = XCBuildConfiguration;
			buildSettings = {
				BUNDLE_LOADER = "$(TEST_HOST)";
				FRAMEWORK_SEARCH_PATHS = (
					"$(SDKROOT)/Developer/Library/Frameworks",
					"$(inherited)",
				);
				GCC_PREPROCESSOR_DEFINITIONS = (
					"DEBUG=1",
					"$(inherited)",
				);
				INFOPLIST_FILE = ResponseTests/Info.plist;
				LD_RUNPATH_SEARCH_PATHS = "$(inherited) @executable_path/Frameworks @loader_path/Frameworks";
				PRODUCT_NAME = "$(TARGET_NAME)";
				TEST_HOST = "$(BUILT_PRODUCTS_DIR)/Response.app/Response";
			};
			name = Debug;
		};
		240035991BD9D19900694B0C /* Release */ = {
			isa = XCBuildConfiguration;
			buildSettings = {
				BUNDLE_LOADER = "$(TEST_HOST)";
				FRAMEWORK_SEARCH_PATHS = (
					"$(SDKROOT)/Developer/Library/Frameworks",
					"$(inherited)",
				);
				INFOPLIST_FILE = ResponseTests/Info.plist;
				LD_RUNPATH_SEARCH_PATHS = "$(inherited) @executable_path/Frameworks @loader_path/Frameworks";
				PRODUCT_NAME = "$(TARGET_NAME)";
				TEST_HOST = "$(BUILT_PRODUCTS_DIR)/Response.app/Response";
			};
			name = Release;
		};
/* End XCBuildConfiguration section */

/* Begin XCConfigurationList section */
		2400356C1BD9D19900694B0C /* Build configuration list for PBXProject "Response" */ = {
			isa = XCConfigurationList;
			buildConfigurations = (
				240035921BD9D19900694B0C /* Debug */,
				240035931BD9D19900694B0C /* Release */,
			);
			defaultConfigurationIsVisible = 0;
			defaultConfigurationName = Release;
		};
		240035941BD9D19900694B0C /* Build configuration list for PBXNativeTarget "Response" */ = {
			isa = XCConfigurationList;
			buildConfigurations = (
				240035951BD9D19900694B0C /* Debug */,
				240035961BD9D19900694B0C /* Release */,
			);
			defaultConfigurationIsVisible = 0;
			defaultConfigurationName = Release;
		};
		240035971BD9D19900694B0C /* Build configuration list for PBXNativeTarget "ResponseTests" */ = {
			isa = XCConfigurationList;
			buildConfigurations = (
				240035981BD9D19900694B0C /* Debug */,
				240035991BD9D19900694B0C /* Release */,
			);
			defaultConfigurationIsVisible = 0;
			defaultConfigurationName = Release;
		};
/* End XCConfigurationList section */
	};
	rootObject = 240035691BD9D19900694B0C /* Project object */;
}
